
Microsoft Visual Studio Solution File, Format Version 12.00
# Visual Studio Version 17
VisualStudioVersion = 17.8.34316.72
MinimumVisualStudioVersion = 10.0.40219.1
Project("{FAE04EC0-301F-11D3-BF4B-00C04F79EFBC}") = "GameStoreV.Api", "GameStoreV.Api\GameStoreV.Api.csproj", "{91155BBE-1A47-4587-90A4-F039D7FD2ED5}"
EndProject
Global
	GlobalSection(SolutionConfigurationPlatforms) = preSolution
		Debug|Any CPU = Debug|Any CPU
		Release|Any CPU = Release|Any CPU
	EndGlobalSection
	GlobalSection(ProjectConfigurationPlatforms) = postSolution
		{91155BBE-1A47-4587-90A4-F039D7FD2ED5}.Debug|Any CPU.ActiveCfg = Debug|Any CPU
		{91155BBE-1A47-4587-90A4-F039D7FD2ED5}.Debug|Any CPU.Build.0 = Debug|Any CPU
		{91155BBE-1A47-4587-90A4-F039D7FD2ED5}.Release|Any CPU.ActiveCfg = Release|Any CPU
		{91155BBE-1A47-4587-90A4-F039D7FD2ED5}.Release|Any CPU.Build.0 = Release|Any CPU
	EndGlobalSection
	GlobalSection(SolutionProperties) = preSolution
		HideSolutionNode = FALSE
	EndGlobalSection
	GlobalSection(ExtensibilityGlobals) = postSolution
		SolutionGuid = {291773C8-F021-4815-84AB-9FEF5A763AB9}
	EndGlobalSection
EndGlobal
